{
  "name": "agent-proof",
  "lockfileVersion": 3,
  "requires": true,
  "packages": {
    "": {
      "name": "agent-proof",
      "license": "Apache-2.0",
      "workspaces": [
        "packages/agentproof_sdk_node"
      ]
    },
    "node_modules/@wwknow/agentproof": {
      "resolved": "packages/agentproof_sdk_node",
      "link": true
    },
    "packages/agentproof_sdk_node": {
      "name": "@wwknow/agentproof",
      "version": "0.1.1",
      "license": "Apache-2.0",
      "engines": {
        "node": ">=18"
      }
    }
  }
}
